<?xml version="1.0" encoding="utf-8"?>
<Project ToolsVersion="4.0" xmlns="http://schemas.microsoft.com/developer/msbuild/2003">
  <ItemGroup>
    <Filter Include="Source Files">
      <UniqueIdentifier>{4FC737F1-C7A5-4376-A066-2A32D752A2FF}</UniqueIdentifier>
      <Extensions>cpp;c;cc;cxx;c++;cppm;ixx;def;odl;idl;hpj;bat;asm;asmx</Extensions>
    </Filter>
    <Filter Include="Header Files">
      <UniqueIdentifier>{93995380-89BD-4b04-88EB-625FBE52EBFB}</UniqueIdentifier>
      <Extensions>h;hh;hpp;hxx;h++;hm;inl;inc;ipp;xsd</Extensions>
    </Filter>
    <Filter Include="Resource Files">
      <UniqueIdentifier>{67DA6AB6-F800-4c08-8B7A-83BB121AAD01}</UniqueIdentifier>
      <Extensions>rc;ico;cur;bmp;dlg;rc2;rct;bin;rgs;gif;jpg;jpeg;jpe;resx;tiff;tif;png;wav;mfcribbon-ms</Extensions>
    </Filter>
    <Filter Include="Source Files\Hooks">
      <UniqueIdentifier>{5095a6dd-9e70-4280-a650-3d17364c3b3d}</UniqueIdentifier>
    </Filter>
    <Filter Include="Documentation">
      <UniqueIdentifier>{8abc9d55-b301-4faa-8e10-878c7a6f314e}</UniqueIdentifier>
    </Filter>
    <Filter Include="Resource Files\WAVE">
      <UniqueIdentifier>{38a0588b-aa0e-481d-8b6c-c14b81a97b10}</UniqueIdentifier>
    </Filter>
    <Filter Include="Resource Files\BITMAP">
      <UniqueIdentifier>{cf0f4b75-116a-4952-8c1b-97e2ba3bcaa4}</UniqueIdentifier>
    </Filter>
    <Filter Include="Source Files\Modules">
      <UniqueIdentifier>{c8504672-9bae-4b70-85e6-898f6fa37a00}</UniqueIdentifier>
    </Filter>
    <Filter Include="Source Files\Kuroko">
      <UniqueIdentifier>{7ff8ed32-ec45-4d84-ae7d-92dfa560cf5a}</UniqueIdentifier>
    </Filter>
    <Filter Include="Header Files\Kuroko">
      <UniqueIdentifier>{087b8c68-668a-44e7-8c01-d192657ac320}</UniqueIdentifier>
    </Filter>
    <Filter Include="Source Files\Kuroko\Modules">
      <UniqueIdentifier>{da293871-1f84-4121-af73-5026b14465d2}</UniqueIdentifier>
    </Filter>
  </ItemGroup>
  <ItemGroup>
    <ClInclude Include="include\sc2kfix.h">
      <Filter>Header Files</Filter>
    </ClInclude>
    <ClInclude Include="include\winmm_exports.h">
      <Filter>Header Files</Filter>
    </ClInclude>
    <ClInclude Include="include\sc2k_1996.h">
      <Filter>Header Files</Filter>
    </ClInclude>
    <ClInclude Include="resource.h">
      <Filter>Header Files</Filter>
    </ClInclude>
    <ClInclude Include="include\smk.h">
      <Filter>Header Files</Filter>
    </ClInclude>
    <ClInclude Include="include\music.h">
      <Filter>Header Files</Filter>
    </ClInclude>
    <ClInclude Include="include\json.hpp">
      <Filter>Header Files</Filter>
    </ClInclude>
    <ClInclude Include="kuroko\kuroko\chunk.h">
      <Filter>Header Files\Kuroko</Filter>
    </ClInclude>
    <ClInclude Include="kuroko\kuroko\compiler.h">
      <Filter>Header Files\Kuroko</Filter>
    </ClInclude>
    <ClInclude Include="kuroko\dirent.h">
      <Filter>Header Files\Kuroko</Filter>
    </ClInclude>
    <ClInclude Include="kuroko\kuroko\debug.h">
      <Filter>Header Files\Kuroko</Filter>
    </ClInclude>
    <ClInclude Include="kuroko\kuroko\kuroko.h">
      <Filter>Header Files\Kuroko</Filter>
    </ClInclude>
    <ClInclude Include="kuroko\methods.h">
      <Filter>Header Files\Kuroko</Filter>
    </ClInclude>
    <ClInclude Include="kuroko\kuroko\memory.h">
      <Filter>Header Files\Kuroko</Filter>
    </ClInclude>
    <ClInclude Include="kuroko\kuroko\object.h">
      <Filter>Header Files\Kuroko</Filter>
    </ClInclude>
    <ClInclude Include="kuroko\opcode_enum.h">
      <Filter>Header Files\Kuroko</Filter>
    </ClInclude>
    <ClInclude Include="kuroko\opcodes.h">
      <Filter>Header Files\Kuroko</Filter>
    </ClInclude>
    <ClInclude Include="kuroko\private.h">
      <Filter>Header Files\Kuroko</Filter>
    </ClInclude>
    <ClInclude Include="kuroko\pthread.h">
      <Filter>Header Files\Kuroko</Filter>
    </ClInclude>
    <ClInclude Include="kuroko\vendor\rline.h">
      <Filter>Header Files\Kuroko</Filter>
    </ClInclude>
    <ClInclude Include="kuroko\kuroko\scanner.h">
      <Filter>Header Files\Kuroko</Filter>
    </ClInclude>
    <ClInclude Include="kuroko\kuroko\table.h">
      <Filter>Header Files\Kuroko</Filter>
    </ClInclude>
    <ClInclude Include="kuroko\kuroko\threads.h">
      <Filter>Header Files\Kuroko</Filter>
    </ClInclude>
    <ClInclude Include="kuroko\unistd.h">
      <Filter>Header Files\Kuroko</Filter>
    </ClInclude>
    <ClInclude Include="kuroko\kuroko\util.h">
      <Filter>Header Files\Kuroko</Filter>
    </ClInclude>
    <ClInclude Include="kuroko\kuroko\value.h">
      <Filter>Header Files\Kuroko</Filter>
    </ClInclude>
    <ClInclude Include="kuroko\kuroko\vm.h">
      <Filter>Header Files\Kuroko</Filter>
    </ClInclude>
    <ClInclude Include="include\hooklists.h">
      <Filter>Header Files</Filter>
    </ClInclude>
    <ClInclude Include="include\sc2k_demo.h">
      <Filter>Header Files</Filter>
    </ClInclude>
  </ItemGroup>
  <ItemGroup>
    <ClCompile Include="hooks\hook_mciSendCommand.cpp">
      <Filter>Source Files\Hooks</Filter>
    </ClCompile>
    <ClCompile Include="hooks\hook_sndPlaySound.cpp">
      <Filter>Source Files\Hooks</Filter>
    </ClCompile>
    <ClCompile Include="modules\console.cpp">
      <Filter>Source Files\Modules</Filter>
    </ClCompile>
    <ClCompile Include="modules\scurkfix.cpp">
      <Filter>Source Files\Modules</Filter>
    </ClCompile>
    <ClCompile Include="hooks\hook_mmtimers.cpp">
      <Filter>Source Files\Hooks</Filter>
    </ClCompile>
    <ClCompile Include="modules\settings.cpp">
      <Filter>Source Files\Modules</Filter>
    </ClCompile>
    <ClCompile Include="modules\status_dialog.cpp">
      <Filter>Source Files\Modules</Filter>
    </ClCompile>
    <ClCompile Include="modules\update_notifier.cpp">
      <Filter>Source Files\Modules</Filter>
    </ClCompile>
    <ClCompile Include="hooks\hook_querydialog.cpp">
      <Filter>Source Files\Hooks</Filter>
    </ClCompile>
    <ClCompile Include="utility.cpp">
      <Filter>Source Files</Filter>
    </ClCompile>
    <ClCompile Include="dllmain.cpp">
      <Filter>Source Files</Filter>
    </ClCompile>
    <ClCompile Include="modules\sc2k_1996.cpp">
      <Filter>Source Files\Modules</Filter>
    </ClCompile>
    <ClCompile Include="modules\smk.cpp">
      <Filter>Source Files\Modules</Filter>
    </ClCompile>
    <ClCompile Include="modules\music.cpp">
      <Filter>Source Files\Modules</Filter>
    </ClCompile>
    <ClCompile Include="modules\military.cpp">
      <Filter>Source Files\Modules</Filter>
    </ClCompile>
    <ClCompile Include="modules\registry_config.cpp">
      <Filter>Source Files\Modules</Filter>
    </ClCompile>
    <ClCompile Include="kuroko\vendor\rline.c">
      <Filter>Source Files\Kuroko</Filter>
    </ClCompile>
    <ClCompile Include="kuroko\builtins.c">
      <Filter>Source Files\Kuroko</Filter>
    </ClCompile>
    <ClCompile Include="kuroko\chunk.c">
      <Filter>Source Files\Kuroko</Filter>
    </ClCompile>
    <ClCompile Include="kuroko\compiler.c">
      <Filter>Source Files\Kuroko</Filter>
    </ClCompile>
    <ClCompile Include="kuroko\debug.c">
      <Filter>Source Files\Kuroko</Filter>
    </ClCompile>
    <ClCompile Include="kuroko\exceptions.c">
      <Filter>Source Files\Kuroko</Filter>
    </ClCompile>
    <ClCompile Include="kuroko\kuroko.c">
      <Filter>Source Files\Kuroko</Filter>
    </ClCompile>
    <ClCompile Include="kuroko\memory.c">
      <Filter>Source Files\Kuroko</Filter>
    </ClCompile>
    <ClCompile Include="kuroko\obj_base.c">
      <Filter>Source Files\Kuroko</Filter>
    </ClCompile>
    <ClCompile Include="kuroko\obj_bytes.c">
      <Filter>Source Files\Kuroko</Filter>
    </ClCompile>
    <ClCompile Include="kuroko\obj_dict.c">
      <Filter>Source Files\Kuroko</Filter>
    </ClCompile>
    <ClCompile Include="kuroko\obj_function.c">
      <Filter>Source Files\Kuroko</Filter>
    </ClCompile>
    <ClCompile Include="kuroko\obj_gen.c">
      <Filter>Source Files\Kuroko</Filter>
    </ClCompile>
    <ClCompile Include="kuroko\obj_list.c">
      <Filter>Source Files\Kuroko</Filter>
    </ClCompile>
    <ClCompile Include="kuroko\obj_long.c">
      <Filter>Source Files\Kuroko</Filter>
    </ClCompile>
    <ClCompile Include="kuroko\obj_numeric.c">
      <Filter>Source Files\Kuroko</Filter>
    </ClCompile>
    <ClCompile Include="kuroko\obj_range.c">
      <Filter>Source Files\Kuroko</Filter>
    </ClCompile>
    <ClCompile Include="kuroko\obj_set.c">
      <Filter>Source Files\Kuroko</Filter>
    </ClCompile>
    <ClCompile Include="kuroko\obj_slice.c">
      <Filter>Source Files\Kuroko</Filter>
    </ClCompile>
    <ClCompile Include="kuroko\obj_str.c">
      <Filter>Source Files\Kuroko</Filter>
    </ClCompile>
    <ClCompile Include="kuroko\obj_tuple.c">
      <Filter>Source Files\Kuroko</Filter>
    </ClCompile>
    <ClCompile Include="kuroko\obj_typing.c">
      <Filter>Source Files\Kuroko</Filter>
    </ClCompile>
    <ClCompile Include="kuroko\object.c">
      <Filter>Source Files\Kuroko</Filter>
    </ClCompile>
    <ClCompile Include="kuroko\parseargs.c">
      <Filter>Source Files\Kuroko</Filter>
    </ClCompile>
    <ClCompile Include="kuroko\scanner.c">
      <Filter>Source Files\Kuroko</Filter>
    </ClCompile>
    <ClCompile Include="kuroko\sys.c">
      <Filter>Source Files\Kuroko</Filter>
    </ClCompile>
    <ClCompile Include="kuroko\table.c">
      <Filter>Source Files\Kuroko</Filter>
    </ClCompile>
    <ClCompile Include="kuroko\threads.c">
      <Filter>Source Files\Kuroko</Filter>
    </ClCompile>
    <ClCompile Include="kuroko\value.c">
      <Filter>Source Files\Kuroko</Filter>
    </ClCompile>
    <ClCompile Include="kuroko\vm.c">
      <Filter>Source Files\Kuroko</Filter>
    </ClCompile>
    <ClCompile Include="kuroko\modules\module_wcwidth.c">
      <Filter>Source Files\Kuroko\Modules</Filter>
    </ClCompile>
    <ClCompile Include="kuroko\modules\module__pheap.c">
      <Filter>Source Files\Kuroko\Modules</Filter>
    </ClCompile>
    <ClCompile Include="kuroko\modules\module_dis.c">
      <Filter>Source Files\Kuroko\Modules</Filter>
    </ClCompile>
    <ClCompile Include="kuroko\modules\module_fileio.c">
      <Filter>Source Files\Kuroko\Modules</Filter>
    </ClCompile>
    <ClCompile Include="kuroko\modules\module_gc.c">
      <Filter>Source Files\Kuroko\Modules</Filter>
    </ClCompile>
    <ClCompile Include="kuroko\modules\module_locale.c">
      <Filter>Source Files\Kuroko\Modules</Filter>
    </ClCompile>
    <ClCompile Include="kuroko\modules\module_math.c">
      <Filter>Source Files\Kuroko\Modules</Filter>
    </ClCompile>
    <ClCompile Include="kuroko\modules\module_os.c">
      <Filter>Source Files\Kuroko\Modules</Filter>
    </ClCompile>
    <ClCompile Include="kuroko\modules\module_random.c">
      <Filter>Source Files\Kuroko\Modules</Filter>
    </ClCompile>
    <ClCompile Include="kuroko\modules\module_socket.c">
      <Filter>Source Files\Kuroko\Modules</Filter>
    </ClCompile>
    <ClCompile Include="kuroko\modules\module_stat.c">
      <Filter>Source Files\Kuroko\Modules</Filter>
    </ClCompile>
    <ClCompile Include="kuroko\modules\module_time.c">
      <Filter>Source Files\Kuroko\Modules</Filter>
    </ClCompile>
    <ClCompile Include="kuroko\modules\module_timeit.c">
      <Filter>Source Files\Kuroko\Modules</Filter>
    </ClCompile>
    <ClCompile Include="kuroko\vendor\pthread.cpp">
      <Filter>Source Files\Kuroko</Filter>
    </ClCompile>
    <ClCompile Include="modules\kuroko_glue.cpp">
      <Filter>Source Files\Modules</Filter>
    </ClCompile>
    <ClCompile Include="modules\mod_loader.cpp">
      <Filter>Source Files\Modules</Filter>
    </ClCompile>
    <ClCompile Include="modules\sc2x.cpp">
      <Filter>Source Files\Modules</Filter>
    </ClCompile>
    <ClCompile Include="hooks\hook_animation.cpp">
      <Filter>Source Files\Hooks</Filter>
    </ClCompile>
    <ClCompile Include="hooks\hook_sc2k1996_miscellaneous.cpp">
      <Filter>Source Files\Hooks</Filter>
    </ClCompile>
    <ClCompile Include="hooks\hook_sc2kdemo_miscellaneous.cpp">
      <Filter>Source Files\Hooks</Filter>
    </ClCompile>
  </ItemGroup>
  <ItemGroup>
    <ResourceCompile Include="sc2kfix.rc">
      <Filter>Resource Files</Filter>
    </ResourceCompile>
  </ItemGroup>
  <ItemGroup>
    <None Include="hooks\exports.def">
      <Filter>Source Files\Hooks</Filter>
    </None>
    <None Include="README.md">
      <Filter>Documentation</Filter>
    </None>
    <None Include="script.md">
      <Filter>Documentation</Filter>
    </None>
    <None Include="kuroko\wcwidth._h">
      <Filter>Source Files\Kuroko</Filter>
    </None>
  </ItemGroup>
  <ItemGroup>
    <Media Include="blobs\500.wav">
      <Filter>Resource Files\WAVE</Filter>
    </Media>
    <Media Include="blobs\514.wav">
      <Filter>Resource Files\WAVE</Filter>
    </Media>
    <Media Include="blobs\529.wav">
      <Filter>Resource Files\WAVE</Filter>
    </Media>
  </ItemGroup>
  <ItemGroup>
    <Image Include="blobs\weather0.bmp">
      <Filter>Resource Files\BITMAP</Filter>
    </Image>
    <Image Include="blobs\weather1.bmp">
      <Filter>Resource Files\BITMAP</Filter>
    </Image>
    <Image Include="blobs\weather2.bmp">
      <Filter>Resource Files\BITMAP</Filter>
    </Image>
    <Image Include="blobs\weather3.bmp">
      <Filter>Resource Files\BITMAP</Filter>
    </Image>
    <Image Include="blobs\weather4.bmp">
      <Filter>Resource Files\BITMAP</Filter>
    </Image>
    <Image Include="blobs\weather5.bmp">
      <Filter>Resource Files\BITMAP</Filter>
    </Image>
    <Image Include="blobs\weather6.bmp">
      <Filter>Resource Files\BITMAP</Filter>
    </Image>
    <Image Include="blobs\weather7.bmp">
      <Filter>Resource Files\BITMAP</Filter>
    </Image>
    <Image Include="blobs\weather8.bmp">
      <Filter>Resource Files\BITMAP</Filter>
    </Image>
    <Image Include="blobs\weather9.bmp">
      <Filter>Resource Files\BITMAP</Filter>
    </Image>
    <Image Include="blobs\weather10.bmp">
      <Filter>Resource Files\BITMAP</Filter>
    </Image>
    <Image Include="blobs\weather11.bmp">
      <Filter>Resource Files\BITMAP</Filter>
    </Image>
    <Image Include="blobs\goto.bmp">
      <Filter>Resource Files\BITMAP</Filter>
    </Image>
    <Image Include="blobs\topsecret.ico">
      <Filter>Resource Files</Filter>
    </Image>
    <Image Include="blobs\compass0.bmp">
      <Filter>Resource Files\BITMAP</Filter>
    </Image>
    <Image Include="blobs\compass1.bmp">
      <Filter>Resource Files\BITMAP</Filter>
    </Image>
    <Image Include="blobs\compass2.bmp">
      <Filter>Resource Files\BITMAP</Filter>
    </Image>
    <Image Include="blobs\compass3.bmp">
      <Filter>Resource Files\BITMAP</Filter>
    </Image>
  </ItemGroup>
</Project>