<?xml version="1.0" encoding="utf-8"?>
<Project ToolsVersion="4.0" xmlns="http://schemas.microsoft.com/developer/msbuild/2003">
  <ItemGroup>
    <Filter Include="Source Files">
      <UniqueIdentifier>{4FC737F1-C7A5-4376-A066-2A32D752A2FF}</UniqueIdentifier>
      <Extensions>cpp;c;cc;cxx;c++;cppm;ixx;def;odl;idl;hpj;bat;asm;asmx</Extensions>
    </Filter>
    <Filter Include="Header Files">
      <UniqueIdentifier>{93995380-89BD-4b04-88EB-625FBE52EBFB}</UniqueIdentifier>
      <Extensions>h;hh;hpp;hxx;h++;hm;inl;inc;ipp;xsd</Extensions>
    </Filter>
    <Filter Include="Resource Files">
      <UniqueIdentifier>{67DA6AB6-F800-4c08-8B7A-83BB121AAD01}</UniqueIdentifier>
      <Extensions>rc;ico;cur;bmp;dlg;rc2;rct;bin;rgs;gif;jpg;jpeg;jpe;resx;tiff;tif;png;wav;mfcribbon-ms</Extensions>
    </Filter>
    <Filter Include="Source Files\Hooks">
      <UniqueIdentifier>{5095a6dd-9e70-4280-a650-3d17364c3b3d}</UniqueIdentifier>
    </Filter>
    <Filter Include="Source Files\DLLMain">
      <UniqueIdentifier>{c8504672-9bae-4b70-85e6-898f6fa37a00}</UniqueIdentifier>
    </Filter>
    <Filter Include="Documentation">
      <UniqueIdentifier>{8abc9d55-b301-4faa-8e10-878c7a6f314e}</UniqueIdentifier>
    </Filter>
  </ItemGroup>
  <ItemGroup>
    <ClInclude Include="include\resource.h">
      <Filter>Header Files</Filter>
    </ClInclude>
    <ClInclude Include="include\sc2kfix.h">
      <Filter>Header Files</Filter>
    </ClInclude>
    <ClInclude Include="include\winmm_exports.h">
      <Filter>Header Files</Filter>
    </ClInclude>
    <ClInclude Include="include\sc2k_1996.h">
      <Filter>Header Files</Filter>
    </ClInclude>
  </ItemGroup>
  <ItemGroup>
    <ClCompile Include="hooks\hook_mciSendCommand.cpp">
      <Filter>Source Files\Hooks</Filter>
    </ClCompile>
    <ClCompile Include="hooks\hook_miscellaneous.cpp">
      <Filter>Source Files\Hooks</Filter>
    </ClCompile>
    <ClCompile Include="hooks\hook_sndPlaySound.cpp">
      <Filter>Source Files\Hooks</Filter>
    </ClCompile>
    <ClCompile Include="console.cpp">
      <Filter>Source Files\DLLMain</Filter>
    </ClCompile>
    <ClCompile Include="dllmain.cpp">
      <Filter>Source Files\DLLMain</Filter>
    </ClCompile>
    <ClCompile Include="registry_install.cpp">
      <Filter>Source Files\DLLMain</Filter>
    </ClCompile>
    <ClCompile Include="scurkfix.cpp">
      <Filter>Source Files\DLLMain</Filter>
    </ClCompile>
    <ClCompile Include="hooks\hook_mmtimers.cpp">
      <Filter>Source Files\Hooks</Filter>
    </ClCompile>
    <ClCompile Include="hooks\sc2k_1996.cpp">
      <Filter>Source Files\Hooks</Filter>
    </ClCompile>
  </ItemGroup>
  <ItemGroup>
    <ResourceCompile Include="sc2kfix.rc">
      <Filter>Resource Files</Filter>
    </ResourceCompile>
  </ItemGroup>
  <ItemGroup>
    <None Include="hooks\exports.def">
      <Filter>Source Files\Hooks</Filter>
    </None>
    <None Include="README.md">
      <Filter>Documentation</Filter>
    </None>
    <None Include="hooks\hooks.md">
      <Filter>Documentation</Filter>
    </None>
  </ItemGroup>
</Project>